
Microsoft Visual Studio Solution File, Format Version 12.00
# Visual Studio Version 17
VisualStudioVersion = 17.7.34009.444
MinimumVisualStudioVersion = 10.0.40219.1
Project("{FAE04EC0-301F-11D3-BF4B-00C04F79EFBC}") = "ITI.WebApplication", "ITI.WebApplication\ITI.WebApplication.csproj", "{AF9A2960-850B-4B9F-9001-4724EFD90431}"
EndProject
Global
	GlobalSection(SolutionConfigurationPlatforms) = preSolution
		Debug|Any CPU = Debug|Any CPU
		Release|Any CPU = Release|Any CPU
	EndGlobalSection
	GlobalSection(ProjectConfigurationPlatforms) = postSolution
		{AF9A2960-850B-4B9F-9001-4724EFD90431}.Debug|Any CPU.ActiveCfg = Debug|Any CPU
		{AF9A2960-850B-4B9F-9001-4724EFD90431}.Debug|Any CPU.Build.0 = Debug|Any CPU
		{AF9A2960-850B-4B9F-9001-4724EFD90431}.Release|Any CPU.ActiveCfg = Release|Any CPU
		{AF9A2960-850B-4B9F-9001-4724EFD90431}.Release|Any CPU.Build.0 = Release|Any CPU
	EndGlobalSection
	GlobalSection(SolutionProperties) = preSolution
		HideSolutionNode = FALSE
	EndGlobalSection
	GlobalSection(ExtensibilityGlobals) = postSolution
		SolutionGuid = {B83C0AC7-A80C-4970-BC06-E711B5B9363A}
	EndGlobalSection
EndGlobal
